lockfileVersion: 5.3

specifiers:
  '@codemirror/autocomplete': ^0.18.3
  '@codemirror/basic-setup': ^0.18.0
  '@codemirror/closebrackets': ^0.18.0
  '@codemirror/commands': ^0.18.1
  '@codemirror/comment': ^0.18.0
  '@codemirror/fold': ^0.18.0
  '@codemirror/gutter': ^0.18.0
  '@codemirror/highlight': ^0.18.3
  '@codemirror/history': ^0.18.1
  '@codemirror/lang-css': ^0.18.0
  '@codemirror/lang-html': ^0.18.0
  '@codemirror/lang-javascript': ^0.18.0
  '@codemirror/language': ^0.18.1
  '@codemirror/legacy-modes': ^0.18.0
  '@codemirror/lint': ^0.18.1
  '@codemirror/matchbrackets': ^0.18.0
  '@codemirror/rectangular-selection': ^0.18.0
  '@codemirror/search': ^0.18.2
  '@codemirror/state': ^0.18.5
  '@codemirror/stream-parser': ^0.18.1
  '@codemirror/text': ^0.18.0
  '@codemirror/theme-one-dark': ^0.18.0
  '@codemirror/tooltip': ^0.18.4
  '@codemirror/view': ^0.18.6
  '@types/node': ^14.14.37
  '@types/prismjs': ^1.16.4
  bumpp: ^6.0.6
  prismjs: ^1.23.0
  tslib: ^2.2.0
  tsup: ^4.8.21
  typescript: ^4.2.4
  vue: ^3.0.11
  windicss: ^2.5.12

dependencies:
  prismjs: 1.23.0

devDependencies:
  '@codemirror/autocomplete': 0.18.3
  '@codemirror/basic-setup': 0.18.0
  '@codemirror/closebrackets': 0.18.0
  '@codemirror/commands': 0.18.1
  '@codemirror/comment': 0.18.0
  '@codemirror/fold': 0.18.0
  '@codemirror/gutter': 0.18.0
  '@codemirror/highlight': 0.18.3
  '@codemirror/history': 0.18.1
  '@codemirror/lang-css': 0.18.0
  '@codemirror/lang-html': 0.18.0
  '@codemirror/lang-javascript': 0.18.0
  '@codemirror/language': 0.18.1
  '@codemirror/legacy-modes': 0.18.0
  '@codemirror/lint': 0.18.1
  '@codemirror/matchbrackets': 0.18.0
  '@codemirror/rectangular-selection': 0.18.0
  '@codemirror/search': 0.18.2
  '@codemirror/state': 0.18.5
  '@codemirror/stream-parser': 0.18.1
  '@codemirror/text': 0.18.0
  '@codemirror/theme-one-dark': 0.18.0
  '@codemirror/tooltip': 0.18.4
  '@codemirror/view': 0.18.6
  '@types/node': 14.14.37
  '@types/prismjs': 1.16.4
  bumpp: 6.0.6
  tslib: 2.2.0
  tsup: 4.8.21_typescript@4.2.4
  typescript: 4.2.4
  vue: 3.0.11
  windicss: 2.5.12

packages:

  /@babel/code-frame/7.12.13:
    resolution: {integrity: sha512-HV1Cm0Q3ZrpCR93tkWOYiuYIgLxZXZFVG2VgK+MBWjUqZTundupbfx2aXarXuw5Ko5aMcjtJgbSs4vUGBS5v6g==}
    dependencies:
      '@babel/highlight': 7.13.10
    dev: true

  /@babel/helper-validator-identifier/7.12.11:
    resolution: {integrity: sha512-np/lG3uARFybkoHokJUmf1QfEvRVCPbmQeUQpKow5cQ3xWrV9i3rUHodKDJPQfTVX61qKi+UdYk8kik84n7XOw==}
    dev: true

  /@babel/highlight/7.13.10:
    resolution: {integrity: sha512-5aPpe5XQPzflQrFwL1/QoeHkP2MsA4JCntcXHRhEsdsfPVkvPi2w7Qix4iV7t5S/oC9OodGrggd8aco1g3SZFg==}
    dependencies:
      '@babel/helper-validator-identifier': 7.12.11
      chalk: 2.4.2
      js-tokens: 4.0.0
    dev: true

  /@babel/parser/7.13.13:
    resolution: {integrity: sha512-OhsyMrqygfk5v8HmWwOzlYjJrtLaFhF34MrfG/Z73DgYCI6ojNUTUp2TYbtnjo8PegeJp12eamsNettCQjKjVw==}
    engines: {node: '>=6.0.0'}
    hasBin: true
    dev: true

  /@babel/types/7.13.14:
    resolution: {integrity: sha512-A2aa3QTkWoyqsZZFl56MLUsfmh7O0gN41IPvXAE/++8ojpbz12SszD7JEGYVdn4f9Kt4amIei07swF1h4AqmmQ==}
    dependencies:
      '@babel/helper-validator-identifier': 7.12.11
      lodash: 4.17.21
      to-fast-properties: 2.0.0
    dev: true

  /@codemirror/autocomplete/0.18.3:
    resolution: {integrity: sha512-XAilIpYxsessr3Zh39nc5T97Zz9wLMwQTCDlIKapm/VK3JnX1I1jkoe8JqpbyVyabVxGXpB2K88GIVS9X+nLZQ==}
    dependencies:
      '@codemirror/language': 0.18.1
      '@codemirror/state': 0.18.5
      '@codemirror/text': 0.18.0
      '@codemirror/tooltip': 0.18.4
      '@codemirror/view': 0.18.6
      lezer-tree: 0.13.2
    dev: true

  /@codemirror/basic-setup/0.18.0:
    resolution: {integrity: sha512-3IU6gBIkVVCF+ZtKqzCmYU1GLfbA12OsPYPWWq9rSzEb5G/FrWCA51ERYJpS3CzOI7TfBFjZZYc5j0OiNIF2VQ==}
    dependencies:
      '@codemirror/autocomplete': 0.18.3
      '@codemirror/closebrackets': 0.18.0
      '@codemirror/commands': 0.18.1
      '@codemirror/comment': 0.18.0
      '@codemirror/fold': 0.18.0
      '@codemirror/gutter': 0.18.0
      '@codemirror/highlight': 0.18.3
      '@codemirror/history': 0.18.1
      '@codemirror/language': 0.18.1
      '@codemirror/lint': 0.18.1
      '@codemirror/matchbrackets': 0.18.0
      '@codemirror/rectangular-selection': 0.18.0
      '@codemirror/search': 0.18.2
      '@codemirror/state': 0.18.5
      '@codemirror/view': 0.18.6
    dev: true

  /@codemirror/closebrackets/0.18.0:
    resolution: {integrity: sha512-O1RAgUkzF4nq/B8IyXenZKZ1rJi2Mc7I6y4IhWhELiTnjyQy7YdAthTsJ40mNr8kZ6gRbasYe3K7TraITElZJA==}
    dependencies:
      '@codemirror/language': 0.18.1
      '@codemirror/rangeset': 0.18.0
      '@codemirror/state': 0.18.5
      '@codemirror/text': 0.18.0
      '@codemirror/view': 0.18.6
    dev: true

  /@codemirror/commands/0.18.1:
    resolution: {integrity: sha512-JBdGjRTCHi/eVsj5oL1S4kzhepyUVW0EnmOvwh1IYH9iN6FnRkEgaxJBryRgbos7Or8RomOKK01pprGjfqN6oA==}
    dependencies:
      '@codemirror/language': 0.18.1
      '@codemirror/matchbrackets': 0.18.0
      '@codemirror/state': 0.18.5
      '@codemirror/text': 0.18.0
      '@codemirror/view': 0.18.6
      lezer-tree: 0.13.2
    dev: true

  /@codemirror/comment/0.18.0:
    resolution: {integrity: sha512-yb/8dz/zIzXIa00L0Ed7/R8m2FupPZux/EMquwzbAOnTNcXeeaPVcp9kEMPf85b9D82csunXXdiOSalBVGjKWQ==}
    dependencies:
      '@codemirror/state': 0.18.5
      '@codemirror/text': 0.18.0
      '@codemirror/view': 0.18.6
    dev: true

  /@codemirror/fold/0.18.0:
    resolution: {integrity: sha512-qZsl85rp1Wm2ifaw1E25paDRVGr0m2vKRIoUG5mv+G2NxJx6lsuMLgU7MKIJQ+3iDHUR2is2yU8d6lOwwp5IEg==}
    dependencies:
      '@codemirror/gutter': 0.18.0
      '@codemirror/language': 0.18.1
      '@codemirror/rangeset': 0.18.0
      '@codemirror/state': 0.18.5
      '@codemirror/view': 0.18.6
    dev: true

  /@codemirror/gutter/0.18.0:
    resolution: {integrity: sha512-9hcKzBM5EjhWwrau5Xiv0ll/yOvkgiyLnH7DTsjFCUvuyfbS45WVEMhQ6C+HfsoRVR4TJqRVLJjaIktZqaAqnw==}
    dependencies:
      '@codemirror/rangeset': 0.18.0
      '@codemirror/state': 0.18.5
      '@codemirror/view': 0.18.6
    dev: true

  /@codemirror/highlight/0.18.3:
    resolution: {integrity: sha512-NmRmkmWl8ht6Y6Y39ghov84AMPCqhUPIH9fmILs2NaWxZFZf4jGCTzrULnmREGsTie+26+LbKUncIU+PBu1Qng==}
    dependencies:
      '@codemirror/language': 0.18.1
      '@codemirror/rangeset': 0.18.0
      '@codemirror/state': 0.18.5
      '@codemirror/view': 0.18.6
      lezer-tree: 0.13.2
      style-mod: 4.0.0
    dev: true

  /@codemirror/history/0.18.1:
    resolution: {integrity: sha512-Aad3p4zs6UYKCUMXYjh7cvPK0ajuL+rMib9yBZ61w81LLl6OkM31Xrn9J6CLJmPxCwP3OJFiqBmNSBQ05oIsTw==}
    dependencies:
      '@codemirror/state': 0.18.5
      '@codemirror/view': 0.18.6
    dev: true

  /@codemirror/lang-css/0.18.0:
    resolution: {integrity: sha512-kkU4Ug387eJoCTDDkMbXrcPBMiJ0lFWbvDaFHIuJtrMgDXJzSQ/ehx6Ife5PUBfuLU/x1JQUBdmXhW1TJzfHug==}
    dependencies:
      '@codemirror/autocomplete': 0.18.3
      '@codemirror/highlight': 0.18.3
      '@codemirror/language': 0.18.1
      '@codemirror/state': 0.18.5
      lezer-css: 0.13.1
    dev: true

  /@codemirror/lang-html/0.18.0:
    resolution: {integrity: sha512-KIY4fDV6/ZTgpVBTI2O09kefTqhfPBlaN6e7Lw1JlaYwPL4kXvfDgyWilIwwTDksiLhB8LPbpS50rh2drxpV+Q==}
    dependencies:
      '@codemirror/autocomplete': 0.18.3
      '@codemirror/highlight': 0.18.3
      '@codemirror/lang-css': 0.18.0
      '@codemirror/lang-javascript': 0.18.0
      '@codemirror/language': 0.18.1
      '@codemirror/state': 0.18.5
      lezer-html: 0.13.4
      lezer-tree: 0.13.2
    dev: true

  /@codemirror/lang-javascript/0.18.0:
    resolution: {integrity: sha512-4KOkwXED9v39c17pIWoy+WKrNAYaKnAR/RRF8QZIqpuYjnMwGTe7GxMKKdq7E557fGzCVr7m34Qy7Gkhr5B41g==}
    dependencies:
      '@codemirror/autocomplete': 0.18.3
      '@codemirror/highlight': 0.18.3
      '@codemirror/language': 0.18.1
      '@codemirror/lint': 0.18.1
      '@codemirror/state': 0.18.5
      '@codemirror/view': 0.18.6
      lezer-javascript: 0.13.3
    dev: true

  /@codemirror/language/0.18.1:
    resolution: {integrity: sha512-j/TWV8sNmzU79kk/hPLb9NqSPoH59850kQSpgY11LxOEBlKVRKgaWabgNtUCSeVCAnfisGekupk3aq2ftILqug==}
    dependencies:
      '@codemirror/state': 0.18.5
      '@codemirror/text': 0.18.0
      '@codemirror/view': 0.18.6
      lezer: 0.13.4
      lezer-tree: 0.13.2
    dev: true

  /@codemirror/legacy-modes/0.18.0:
    resolution: {integrity: sha512-ME/FnBTRf+nriCB1Racmwhl3tSSnIOobhLyK0kOX6mogKdcdkRxSVpeo1fAC8DddsXqi/NKRn8GUr/vUiHefdg==}
    dependencies:
      '@codemirror/stream-parser': 0.18.1
    dev: true

  /@codemirror/lint/0.18.1:
    resolution: {integrity: sha512-2Ueg/ojU56vF5thxMdS67XQzvHNcBnPKw2zgbDVmL/Z+84SMjP7EKvHV5FlbrKFNGZiwnaAKk5MZRYUwBY3f0g==}
    dependencies:
      '@codemirror/panel': 0.18.1
      '@codemirror/state': 0.18.5
      '@codemirror/tooltip': 0.18.4
      '@codemirror/view': 0.18.6
      crelt: 1.0.5
    dev: true

  /@codemirror/matchbrackets/0.18.0:
    resolution: {integrity: sha512-dPDopnZVkD54sSYdmQbyQbPdiuIA83p7XxX6Hp1ScEkOjukwCiFXiA/84x10FUTsQpUYp8bDzm7gwII119bGIw==}
    dependencies:
      '@codemirror/language': 0.18.1
      '@codemirror/state': 0.18.5
      '@codemirror/view': 0.18.6
      lezer-tree: 0.13.2
    dev: true

  /@codemirror/panel/0.18.1:
    resolution: {integrity: sha512-5Zo9cUw0QDlFzX4nhIDYjTARPOnPk5rzxAUQo1O35kTLV+6zRh7wsGlvU7VrZnBcIoaAmHfKrZ4lt6+h7fbFGw==}
    dependencies:
      '@codemirror/state': 0.18.5
      '@codemirror/view': 0.18.6
    dev: true

  /@codemirror/rangeset/0.18.0:
    resolution: {integrity: sha512-+dpK3T6EFv2vkoAc3sTZld0N5SHZDjD3YowFYuMWn0Xw3t+u6k+JZlGBuaFTXdsLeF0auclsm0XhRUpMVuXhTg==}
    dependencies:
      '@codemirror/state': 0.18.5
    dev: true

  /@codemirror/rectangular-selection/0.18.0:
    resolution: {integrity: sha512-BQ4pp2zhXCVZNqct5LtLR3AOWVseENBF/3oOgBmwsCKH7c11NfTqIqgWG5EW8NLOXp8HP8cDm3np8eWez0VkGQ==}
    dependencies:
      '@codemirror/state': 0.18.5
      '@codemirror/text': 0.18.0
      '@codemirror/view': 0.18.6
    dev: true

  /@codemirror/search/0.18.2:
    resolution: {integrity: sha512-t90Ra34piJDF589hNDmuA1fVKCFDh0FTuTZTHDmmSaWS5OWq2++zAwRTQnOdQD+uGfEUwLQPiLJzu60NDhA5xw==}
    dependencies:
      '@codemirror/panel': 0.18.1
      '@codemirror/rangeset': 0.18.0
      '@codemirror/state': 0.18.5
      '@codemirror/text': 0.18.0
      '@codemirror/view': 0.18.6
      crelt: 1.0.5
    dev: true

  /@codemirror/state/0.18.5:
    resolution: {integrity: sha512-lHR+yE08jEz7MqA5hgNvK4/ksF2mQsJJ/pedKKfB94CUobMX20tsFQ27lZbXCxZDQcz5lO0AZuFuRqrbDlRtKA==}
    dependencies:
      '@codemirror/text': 0.18.0
    dev: true

  /@codemirror/stream-parser/0.18.1:
    resolution: {integrity: sha512-Q7HXbZRbAg5SboM0/3Hw9bKX7UxRWVsrtFjeQXzti2be/VHfMUAykidqWwWHe1SSn3Me3izpw9vLNEoGCm7tBw==}
    dependencies:
      '@codemirror/highlight': 0.18.3
      '@codemirror/language': 0.18.1
      '@codemirror/state': 0.18.5
      '@codemirror/text': 0.18.0
      lezer: 0.13.4
      lezer-tree: 0.13.2
    dev: true

  /@codemirror/text/0.18.0:
    resolution: {integrity: sha512-HMzHNIAbjCiCf3tEJMRg6ul01KPuXxQGNiHlHgAnqPguq/CX+L4Nvj5JlWQAI91Pupk18zhmM1c6eaazX4YeTg==}
    dev: true

  /@codemirror/theme-one-dark/0.18.0:
    resolution: {integrity: sha512-+CicflMb8Pydc2sXQPIQe6QwiPw8pstd7Dmb6ZjqtiOPPl8sHvf5gsTBxJfwRWZTEoJlsurCiQlG8X84IFGvcQ==}
    dependencies:
      '@codemirror/highlight': 0.18.3
      '@codemirror/state': 0.18.5
      '@codemirror/view': 0.18.6
    dev: true

  /@codemirror/tooltip/0.18.4:
    resolution: {integrity: sha512-LDlDOSEfjoG24uapLN7exK3Z3JchYFKUwWqo1x/9YdlAkmD1ik7cMSQZboCquP1uJVcXhtbpKmaO6vENGVaarg==}
    dependencies:
      '@codemirror/state': 0.18.5
      '@codemirror/view': 0.18.6
    dev: true

  /@codemirror/view/0.18.6:
    resolution: {integrity: sha512-j0TtJbV+41g/0eGH7Pgx9wtO7Y3Rg0s9shLFGvUtJ4jMIimkCelQsEBtUmfEbNxAVXOsN+CbmsKg8M9p0ISeCA==}
    dependencies:
      '@codemirror/rangeset': 0.18.0
      '@codemirror/state': 0.18.5
      '@codemirror/text': 0.18.0
      style-mod: 4.0.0
      w3c-keyname: 2.2.4
    dev: true

  /@jsdevtools/ez-spawn/3.0.4:
    resolution: {integrity: sha512-f5DRIOZf7wxogefH03RjMPMdBF7ADTWUMoOs9kaJo06EfwF+aFhMZMDZxHg/Xe12hptN9xoZjGso2fdjapBRIA==}
    engines: {node: '>=10'}
    dependencies:
      call-me-maybe: 1.0.1
      cross-spawn: 7.0.3
      string-argv: 0.3.1
      type-detect: 4.0.8
    dev: true

  /@nodelib/fs.scandir/2.1.4:
    resolution: {integrity: sha512-33g3pMJk3bg5nXbL/+CY6I2eJDzZAni49PfJnL5fghPTggPvBd/pFNSgJsdAgWptuFu7qq/ERvOYFlhvsLTCKA==}
    engines: {node: '>= 8'}
    dependencies:
      '@nodelib/fs.stat': 2.0.4
      run-parallel: 1.2.0
    dev: true

  /@nodelib/fs.stat/2.0.4:
    resolution: {integrity: sha512-IYlHJA0clt2+Vg7bccq+TzRdJvv19c2INqBSsoOLp1je7xjtr7J26+WXR72MCdvU9q1qTzIWDfhMf+DRvQJK4Q==}
    engines: {node: '>= 8'}
    dev: true

  /@nodelib/fs.walk/1.2.6:
    resolution: {integrity: sha512-8Broas6vTtW4GIXTAHDoE32hnN2M5ykgCpWGbuXHQ15vEMqr23pB76e/GZcYsZCHALv50ktd24qhEyKr6wBtow==}
    engines: {node: '>= 8'}
    dependencies:
      '@nodelib/fs.scandir': 2.1.4
      fastq: 1.11.0
    dev: true

  /@types/node/14.14.37:
    resolution: {integrity: sha512-XYmBiy+ohOR4Lh5jE379fV2IU+6Jn4g5qASinhitfyO71b/sCo6MKsMLF5tc7Zf2CE8hViVQyYSobJNke8OvUw==}
    dev: true

  /@types/parse-json/4.0.0:
    resolution: {integrity: sha512-//oorEZjL6sbPcKUaCdIGlIUeH26mgzimjBB77G6XRgnDl/L5wOnpyBGRe/Mmf5CVW3PwEBE1NjiMZ/ssFh4wA==}
    dev: true

  /@types/prismjs/1.16.4:
    resolution: {integrity: sha512-9B+DlSSelvKZMKkAgm1SjBV19XbPIL113GIKl18XgJV+06QvnbykeqeizZrr14b4TWf1deWLu9XZivPD8zMoHA==}
    dev: true

  /@vue/compiler-core/3.0.11:
    resolution: {integrity: sha512-6sFj6TBac1y2cWCvYCA8YzHJEbsVkX7zdRs/3yK/n1ilvRqcn983XvpBbnN3v4mZ1UiQycTvOiajJmOgN9EVgw==}
    dependencies:
      '@babel/parser': 7.13.13
      '@babel/types': 7.13.14
      '@vue/shared': 3.0.11
      estree-walker: 2.0.2
      source-map: 0.6.1
    dev: true

  /@vue/compiler-dom/3.0.11:
    resolution: {integrity: sha512-+3xB50uGeY5Fv9eMKVJs2WSRULfgwaTJsy23OIltKgMrynnIj8hTYY2UL97HCoz78aDw1VDXdrBQ4qepWjnQcw==}
    dependencies:
      '@vue/compiler-core': 3.0.11
      '@vue/shared': 3.0.11
    dev: true

  /@vue/reactivity/3.0.11:
    resolution: {integrity: sha512-SKM3YKxtXHBPMf7yufXeBhCZ4XZDKP9/iXeQSC8bBO3ivBuzAi4aZi0bNoeE2IF2iGfP/AHEt1OU4ARj4ao/Xw==}
    dependencies:
      '@vue/shared': 3.0.11
    dev: true

  /@vue/runtime-core/3.0.11:
    resolution: {integrity: sha512-87XPNwHfz9JkmOlayBeCCfMh9PT2NBnv795DSbi//C/RaAnc/bGZgECjmkD7oXJ526BZbgk9QZBPdFT8KMxkAg==}
    dependencies:
      '@vue/reactivity': 3.0.11
      '@vue/shared': 3.0.11
    dev: true

  /@vue/runtime-dom/3.0.11:
    resolution: {integrity: sha512-jm3FVQESY3y2hKZ2wlkcmFDDyqaPyU3p1IdAX92zTNeCH7I8zZ37PtlE1b9NlCtzV53WjB4TZAYh9yDCMIEumA==}
    dependencies:
      '@vue/runtime-core': 3.0.11
      '@vue/shared': 3.0.11
      csstype: 2.6.16
    dev: true

  /@vue/shared/3.0.11:
    resolution: {integrity: sha512-b+zB8A2so8eCE0JsxjL24J7vdGl8rzPQ09hZNhystm+KqSbKcAej1A+Hbva1rCMmTTqA+hFnUSDc5kouEo0JzA==}
    dev: true

  /ansi-escapes/4.3.2:
    resolution: {integrity: sha512-gKXj5ALrKWQLsYG9jlTRmR/xKluxHV+Z9QEwNIgCfM1/uwPMCuzVVnh5mwTd+OuBZcwSIMbqssNWRm1lE51QaQ==}
    engines: {node: '>=8'}
    dependencies:
      type-fest: 0.21.3
    dev: true

  /ansi-regex/5.0.0:
    resolution: {integrity: sha512-bY6fj56OUQ0hU1KjFNDQuJFezqKdrAyFdIevADiqrWHwSlbmBNMHp5ak2f40Pm8JTFyM2mqxkG6ngkHO11f/lg==}
    engines: {node: '>=8'}
    dev: true

  /ansi-styles/3.2.1:
    resolution: {integrity: sha512-VT0ZI6kZRdTh8YyJw3SMbYm/u+NqfsAxEpWO0Pf9sq8/e94WxxOpPKx9FR1FlyCtOVDNOQ+8ntlqFxiRc+r5qA==}
    engines: {node: '>=4'}
    dependencies:
      color-convert: 1.9.3
    dev: true

  /ansi-styles/4.3.0:
    resolution: {integrity: sha512-zbB9rCJAT1rbjiVDb2hqKFHNYLxgtk8NURxZ3IZwD3F6NtxbXZQCnnSi1Lkx+IDohdPlFp222wVALIheZJQSEg==}
    engines: {node: '>=8'}
    dependencies:
      color-convert: 2.0.1
    dev: true

  /any-promise/1.3.0:
    resolution: {integrity: sha1-q8av7tzqUugJzcA3au0845Y10X8=}
    dev: true

  /anymatch/3.1.2:
    resolution: {integrity: sha512-P43ePfOAIupkguHUycrc4qJ9kz8ZiuOUijaETwX7THt0Y/GNK7v0aa8rY816xWjZ7rJdA5XdMcpVFTKMq+RvWg==}
    engines: {node: '>= 8'}
    dependencies:
      normalize-path: 3.0.0
      picomatch: 2.2.2
    dev: true

  /array-back/3.1.0:
    resolution: {integrity: sha512-TkuxA4UCOvxuDK6NZYXCalszEzj+TLszyASooky+i742l9TqsOdYCMJJupxRic61hwquNtppB3hgcuq9SVSH1Q==}
    engines: {node: '>=6'}
    dev: true

  /array-union/2.1.0:
    resolution: {integrity: sha512-HGyxoOTYUyCM6stUe6EJgnd4EoewAI7zMdfqO+kGjnlZmBDz/cR5pf8r/cR4Wq60sL/p0IkcjUEEPwS3GFrIyw==}
    engines: {node: '>=8'}
    dev: true

  /balanced-match/1.0.2:
    resolution: {integrity: sha512-3oSeUO0TMV67hN1AmbXsK4yaqU7tjiHlbxRDZOpH0KW9+CeX4bRAaX0Anxt0tx2MrpRpWwQaPwIlISEJhYU5Pw==}
    dev: true

  /binary-extensions/2.2.0:
    resolution: {integrity: sha512-jDctJ/IVQbZoJykoeHbhXpOlNBqGNcwXJKJog42E5HDPUwQTSdjCHdihjj0DlnheQ7blbT6dHOafNAiS8ooQKA==}
    engines: {node: '>=8'}
    dev: true

  /brace-expansion/1.1.11:
    resolution: {integrity: sha512-iCuPHDFgrHX7H2vEI/5xpz07zSHB00TpugqhmYtVmMO6518mCuRMoOYFldEBl0g187ufozdaHgWKcYFb61qGiA==}
    dependencies:
      balanced-match: 1.0.2
      concat-map: 0.0.1
    dev: true

  /braces/3.0.2:
    resolution: {integrity: sha512-b8um+L1RzM3WDSzvhm6gIz1yfTbBt6YTlcEKAvsmqCZZFw46z626lVj9j1yEPW33H5H+lBQpZMP1k8l+78Ha0A==}
    engines: {node: '>=8'}
    dependencies:
      fill-range: 7.0.1
    dev: true

  /bumpp/6.0.6:
    resolution: {integrity: sha512-mQsnIGsLcH9weV8fluJAAu+Q1ITp1XfPhNBUlXb3MZRhCVLx/i1A+ebOMqLos2kYdqPfBGOyROOj+YAEwZMcFA==}
    engines: {node: '>=10'}
    hasBin: true
    dependencies:
      '@jsdevtools/ez-spawn': 3.0.4
      command-line-args: 5.1.1
      detect-indent: 6.0.0
      detect-newline: 3.1.0
      globby: 11.0.3
      inquirer: 7.3.3
      log-symbols: 4.1.0
      semver: 7.3.5
    dev: true

  /cac/6.7.2:
    resolution: {integrity: sha512-w0bH1IF9rEjdi0a6lTtlXYT+vBZEJL9oytaXXRdsD68MH6+SrZGOGsu7s2saHQvYXqwo/wBdkW75tt8wFpj+mw==}
    engines: {node: '>=8'}
    dev: true

  /call-me-maybe/1.0.1:
    resolution: {integrity: sha1-JtII6onje1y95gJQoV8DHBak1ms=}
    dev: true

  /callsites/3.1.0:
    resolution: {integrity: sha512-P8BjAsXvZS+VIDUI11hHCQEv74YT67YUi5JJFNWIqL235sBmjX4+qx9Muvls5ivyNENctx46xQLQ3aTuE7ssaQ==}
    engines: {node: '>=6'}
    dev: true

  /chalk/2.4.2:
    resolution: {integrity: sha512-Mti+f9lpJNcwF4tWV8/OrTTtF1gZi+f8FqlyAdouralcFWFQWF2+NgCHShjkCb+IFBLq9buZwE1xckQU4peSuQ==}
    engines: {node: '>=4'}
    dependencies:
      ansi-styles: 3.2.1
      escape-string-regexp: 1.0.5
      supports-color: 5.5.0
    dev: true

  /chalk/4.1.0:
    resolution: {integrity: sha512-qwx12AxXe2Q5xQ43Ac//I6v5aXTipYrSESdOgzrN+9XjgEpyjpKuvSGaN4qE93f7TQTlerQQ8S+EQ0EyDoVL1A==}
    engines: {node: '>=10'}
    dependencies:
      ansi-styles: 4.3.0
      supports-color: 7.2.0
    dev: true

  /chardet/0.7.0:
    resolution: {integrity: sha512-mT8iDcrh03qDGRRmoA2hmBJnxpllMR+0/0qlzjqZES6NdiWDcZkCNAk4rPFZ9Q85r27unkiNNg8ZOiwZXBHwcA==}
    dev: true

  /chokidar/3.5.1:
    resolution: {integrity: sha512-9+s+Od+W0VJJzawDma/gvBNQqkTiqYTWLuZoyAsivsI4AaWTCzHG06/TMjsf1cYe9Cb97UCEhjz7HvnPk2p/tw==}
    engines: {node: '>= 8.10.0'}
    dependencies:
      anymatch: 3.1.2
      braces: 3.0.2
      glob-parent: 5.1.2
      is-binary-path: 2.1.0
      is-glob: 4.0.1
      normalize-path: 3.0.0
      readdirp: 3.5.0
    optionalDependencies:
      fsevents: 2.3.2
    dev: true

  /cli-cursor/3.1.0:
    resolution: {integrity: sha512-I/zHAwsKf9FqGoXM4WWRACob9+SNukZTd94DWF57E4toouRulbCxcUh6RKUEOQlYTHJnzkPMySvPNaaSLNfLZw==}
    engines: {node: '>=8'}
    dependencies:
      restore-cursor: 3.1.0
    dev: true

  /cli-width/3.0.0:
    resolution: {integrity: sha512-FxqpkPPwu1HjuN93Omfm4h8uIanXofW0RxVEW3k5RKx+mJJYSthzNhp32Kzxxy3YAEZ/Dc/EWN1vZRY0+kOhbw==}
    engines: {node: '>= 10'}
    dev: true

  /clipboard/2.0.8:
    resolution: {integrity: sha512-Y6WO0unAIQp5bLmk1zdThRhgJt/x3ks6f30s3oE3H1mgIEU33XyQjEf8gsf6DxC7NPX8Y1SsNWjUjL/ywLnnbQ==}
    dependencies:
      good-listener: 1.2.2
      select: 1.1.2
      tiny-emitter: 2.1.0
    dev: false
    optional: true

  /color-convert/1.9.3:
    resolution: {integrity: sha512-QfAUtd+vFdAtFQcC8CCyYt1fYWxSqAiK2cSD6zDB8N3cpsEBAvRxp9zOGg6G/SHHJYAT88/az/IuDGALsNVbGg==}
    dependencies:
      color-name: 1.1.3
    dev: true

  /color-convert/2.0.1:
    resolution: {integrity: sha512-RRECPsj7iu/xb5oKYcsFHSppFNnsj/52OVTRKb4zP5onXwVF3zVmmToNcOfGC+CRDpfK/U584fMg38ZHCaElKQ==}
    engines: {node: '>=7.0.0'}
    dependencies:
      color-name: 1.1.4
    dev: true

  /color-name/1.1.3:
    resolution: {integrity: sha1-p9BVi9icQveV3UIyj3QIMcpTvCU=}
    dev: true

  /color-name/1.1.4:
    resolution: {integrity: sha512-dOy+3AuW3a2wNbZHIuMZpTcgjGuLU/uBL/ubcZF9OXbDo8ff4O8yVp5Bf0efS8uEoYo5q4Fx7dY9OgQGXgAsQA==}
    dev: true

  /command-line-args/5.1.1:
    resolution: {integrity: sha512-hL/eG8lrll1Qy1ezvkant+trihbGnaKaeEjj6Scyr3DN+RC7iQ5Rz84IeLERfAWDGo0HBSNAakczwgCilDXnWg==}
    engines: {node: '>=4.0.0'}
    dependencies:
      array-back: 3.1.0
      find-replace: 3.0.0
      lodash.camelcase: 4.3.0
      typical: 4.0.0
    dev: true

  /commander/4.1.1:
    resolution: {integrity: sha512-NOKm8xhkzAjzFx8B2v5OAHT+u5pRQc2UCa2Vq9jYL/31o2wi9mxBA7LIFs3sV5VSC49z6pEhfbMULvShKj26WA==}
    engines: {node: '>= 6'}
    dev: true

  /concat-map/0.0.1:
    resolution: {integrity: sha1-2Klr13/Wjfd5OnMDajug1UBdR3s=}
    dev: true

  /cosmiconfig/7.0.0:
    resolution: {integrity: sha512-pondGvTuVYDk++upghXJabWzL6Kxu6f26ljFw64Swq9v6sQPUL3EUlVDV56diOjpCayKihL6hVe8exIACU4XcA==}
    engines: {node: '>=10'}
    dependencies:
      '@types/parse-json': 4.0.0
      import-fresh: 3.3.0
      parse-json: 5.2.0
      path-type: 4.0.0
      yaml: 1.10.2
    dev: true

  /crelt/1.0.5:
    resolution: {integrity: sha512-+BO9wPPi+DWTDcNYhr/W90myha8ptzftZT+LwcmUbbok0rcP/fequmFYCw8NMoH7pkAZQzU78b3kYrlua5a9eA==}
    dev: true

  /cross-spawn/7.0.3:
    resolution: {integrity: sha512-iRDPJKUPVEND7dHPO8rkbOnPpyDygcDFtWjpeWNCgy8WP2rXcxXL8TskReQl6OrB2G7+UJrags1q15Fudc7G6w==}
    engines: {node: '>= 8'}
    dependencies:
      path-key: 3.1.1
      shebang-command: 2.0.0
      which: 2.0.2
    dev: true

  /csstype/2.6.16:
    resolution: {integrity: sha512-61FBWoDHp/gRtsoDkq/B1nWrCUG/ok1E3tUrcNbZjsE9Cxd9yzUirjS3+nAATB8U4cTtaQmAHbNndoFz5L6C9Q==}
    dev: true

  /debug/4.3.1:
    resolution: {integrity: sha512-doEwdvm4PCeK4K3RQN2ZC2BYUBaxwLARCqZmMjtF8a51J2Rb0xpVloFRnCODwqjpwnAoao4pelN8l3RJdv3gRQ==}
    engines: {node: '>=6.0'}
    peerDependencies:
      supports-color: '*'
    peerDependenciesMeta:
      supports-color:
        optional: true
    dependencies:
      ms: 2.1.2
    dev: true

  /delegate/3.2.0:
    resolution: {integrity: sha512-IofjkYBZaZivn0V8nnsMJGBr4jVLxHDheKSW88PyxS5QC4Vo9ZbZVvhzlSxY87fVq3STR6r+4cGepyHkcWOQSw==}
    dev: false
    optional: true

  /detect-indent/6.0.0:
    resolution: {integrity: sha512-oSyFlqaTHCItVRGK5RmrmjB+CmaMOW7IaNA/kdxqhoa6d17j/5ce9O9eWXmV/KEdRwqpQA+Vqe8a8Bsybu4YnA==}
    engines: {node: '>=8'}
    dev: true

  /detect-newline/3.1.0:
    resolution: {integrity: sha512-TLz+x/vEXm/Y7P7wn1EJFNLxYpUD4TgMosxY6fAVJUnJMbupHBOncxyWUG9OpTaH9EBD7uFI5LfEgmMOc54DsA==}
    engines: {node: '>=8'}
    dev: true

  /dir-glob/3.0.1:
    resolution: {integrity: sha512-WkrWp9GR4KXfKGYzOLmTuGVi1UWFfws377n9cc55/tb6DuqyF6pcQ5AbiHEshaDpY9v6oaSr2XCDidGmMwdzIA==}
    engines: {node: '>=8'}
    dependencies:
      path-type: 4.0.0
    dev: true

  /emoji-regex/8.0.0:
    resolution: {integrity: sha512-MSjYzcWNOA0ewAHpz0MxpYFvwg6yjy1NG3xteoqz644VCo/RPgnr1/GGt+ic3iJTzQ8Eu3TdM14SawnVUmGE6A==}
    dev: true

  /error-ex/1.3.2:
    resolution: {integrity: sha512-7dFHNmqeFSEt2ZBsCriorKnn3Z2pj+fd9kmI6QoWw4//DL+icEBfc0U7qJCisqrTsKTjw4fNFy2pW9OqStD84g==}
    dependencies:
      is-arrayish: 0.2.1
    dev: true

  /esbuild/0.10.2:
    resolution: {integrity: sha512-/5vsZD7wTJJHC3yNXLUjXNvUDwqwNoIMvFvLd9tcDQ9el5l13pspYm3yufavjIeYvNtAbo+6N/6uoWx9dGA6ug==}
    hasBin: true
    requiresBuild: true
    dev: true

  /escape-string-regexp/1.0.5:
    resolution: {integrity: sha1-G2HAViGQqN/2rjuyzwIAyhMLhtQ=}
    engines: {node: '>=0.8.0'}
    dev: true

  /estree-walker/2.0.2:
    resolution: {integrity: sha512-Rfkk/Mp/DL7JVje3u18FxFujQlTNR2q6QfMSMB7AvCBx91NGj/ba3kCfza0f6dVDbw7YlRf/nDrn7pQrCCyQ/w==}
    dev: true

  /execa/5.0.0:
    resolution: {integrity: sha512-ov6w/2LCiuyO4RLYGdpFGjkcs0wMTgGE8PrkTHikeUy5iJekXyPIKUjifk5CsE0pt7sMCrMZ3YNqoCj6idQOnQ==}
    engines: {node: '>=10'}
    dependencies:
      cross-spawn: 7.0.3
      get-stream: 6.0.0
      human-signals: 2.1.0
      is-stream: 2.0.0
      merge-stream: 2.0.0
      npm-run-path: 4.0.1
      onetime: 5.1.2
      signal-exit: 3.0.3
      strip-final-newline: 2.0.0
    dev: true

  /external-editor/3.1.0:
    resolution: {integrity: sha512-hMQ4CX1p1izmuLYyZqLMO/qGNw10wSv9QDCPfzXfyFrOaCSSoRfqE1Kf1s5an66J5JZC62NewG+mK49jOCtQew==}
    engines: {node: '>=4'}
    dependencies:
      chardet: 0.7.0
      iconv-lite: 0.4.24
      tmp: 0.0.33
    dev: true

  /fast-glob/3.2.5:
    resolution: {integrity: sha512-2DtFcgT68wiTTiwZ2hNdJfcHNke9XOfnwmBRWXhmeKM8rF0TGwmC/Qto3S7RoZKp5cilZbxzO5iTNTQsJ+EeDg==}
    engines: {node: '>=8'}
    dependencies:
      '@nodelib/fs.stat': 2.0.4
      '@nodelib/fs.walk': 1.2.6
      glob-parent: 5.1.2
      merge2: 1.4.1
      micromatch: 4.0.2
      picomatch: 2.2.2
    dev: true

  /fastq/1.11.0:
    resolution: {integrity: sha512-7Eczs8gIPDrVzT+EksYBcupqMyxSHXXrHOLRRxU2/DicV8789MRBRR8+Hc2uWzUupOs4YS4JzBmBxjjCVBxD/g==}
    dependencies:
      reusify: 1.0.4
    dev: true

  /figures/3.2.0:
    resolution: {integrity: sha512-yaduQFRKLXYOGgEn6AZau90j3ggSOyiqXU0F9JZfeXYhNa+Jk4X+s45A2zg5jns87GAFa34BBm2kXw4XpNcbdg==}
    engines: {node: '>=8'}
    dependencies:
      escape-string-regexp: 1.0.5
    dev: true

  /fill-range/7.0.1:
    resolution: {integrity: sha512-qOo9F+dMUmC2Lcb4BbVvnKJxTPjCm+RRpe4gDuGrzkL7mEVl/djYSu2OdQ2Pa302N4oqkSg9ir6jaLWJ2USVpQ==}
    engines: {node: '>=8'}
    dependencies:
      to-regex-range: 5.0.1
    dev: true

  /find-replace/3.0.0:
    resolution: {integrity: sha512-6Tb2myMioCAgv5kfvP5/PkZZ/ntTpVK39fHY7WkWBgvbeE+VHd/tZuZ4mrC+bxh4cfOZeYKVPaJIZtZXV7GNCQ==}
    engines: {node: '>=4.0.0'}
    dependencies:
      array-back: 3.1.0
    dev: true

  /fs.realpath/1.0.0:
    resolution: {integrity: sha1-FQStJSMVjKpA20onh8sBQRmU6k8=}
    dev: true

  /fsevents/2.3.2:
    resolution: {integrity: sha512-xiqMQR4xAeHTuB9uWm+fFRcIOgKBMiOBP+eXiyT7jsgVCq1bkVygt00oASowB7EdtpOHaaPgKt812P9ab+DDKA==}
    engines: {node: ^8.16.0 || ^10.6.0 || >=11.0.0}
    os: [darwin]
    dev: true
    optional: true

  /get-stream/6.0.0:
    resolution: {integrity: sha512-A1B3Bh1UmL0bidM/YX2NsCOTnGJePL9rO/M+Mw3m9f2gUpfokS0hi5Eah0WSUEWZdZhIZtMjkIYS7mDfOqNHbg==}
    engines: {node: '>=10'}
    dev: true

  /glob-parent/5.1.2:
    resolution: {integrity: sha512-AOIgSQCepiJYwP3ARnGx+5VnTu2HBYdzbGP45eLw1vr3zB3vZLeyed1sC9hnbcOc9/SrMyM5RPQrkGz4aS9Zow==}
    engines: {node: '>= 6'}
    dependencies:
      is-glob: 4.0.1
    dev: true

  /glob/7.1.6:
    resolution: {integrity: sha512-LwaxwyZ72Lk7vZINtNNrywX0ZuLyStrdDtabefZKAY5ZGJhVtgdznluResxNmPitE0SAO+O26sWTHeKSI2wMBA==}
    dependencies:
      fs.realpath: 1.0.0
      inflight: 1.0.6
      inherits: 2.0.4
      minimatch: 3.0.4
      once: 1.4.0
      path-is-absolute: 1.0.1
    dev: true

  /globby/11.0.3:
    resolution: {integrity: sha512-ffdmosjA807y7+lA1NM0jELARVmYul/715xiILEjo3hBLPTcirgQNnXECn5g3mtR8TOLCVbkfua1Hpen25/Xcg==}
    engines: {node: '>=10'}
    dependencies:
      array-union: 2.1.0
      dir-glob: 3.0.1
      fast-glob: 3.2.5
      ignore: 5.1.8
      merge2: 1.4.1
      slash: 3.0.0
    dev: true

  /good-listener/1.2.2:
    resolution: {integrity: sha1-1TswzfkxPf+33JoNR3CWqm0UXFA=}
    dependencies:
      delegate: 3.2.0
    dev: false
    optional: true

  /has-flag/3.0.0:
    resolution: {integrity: sha1-tdRU3CGZriJWmfNGfloH87lVuv0=}
    engines: {node: '>=4'}
    dev: true

  /has-flag/4.0.0:
    resolution: {integrity: sha512-EykJT/Q1KjTWctppgIAgfSO0tKVuZUjhgMr17kqTumMl6Afv3EISleU7qZUzoXDFTAHTDC4NOoG/ZxU3EvlMPQ==}
    engines: {node: '>=8'}
    dev: true

  /human-signals/2.1.0:
    resolution: {integrity: sha512-B4FFZ6q/T2jhhksgkbEW3HBvWIfDW85snkQgawt07S7J5QXTk6BkNV+0yAeZrM5QpMAdYlocGoljn0sJ/WQkFw==}
    engines: {node: '>=10.17.0'}
    dev: true

  /iconv-lite/0.4.24:
    resolution: {integrity: sha512-v3MXnZAcvnywkTUEZomIActle7RXXeedOR31wwl7VlyoXO4Qi9arvSenNQWne1TcRwhCL1HwLI21bEqdpj8/rA==}
    engines: {node: '>=0.10.0'}
    dependencies:
      safer-buffer: 2.1.2
    dev: true

  /ignore/5.1.8:
    resolution: {integrity: sha512-BMpfD7PpiETpBl/A6S498BaIJ6Y/ABT93ETbby2fP00v4EbvPBXWEoaR1UBPKs3iR53pJY7EtZk5KACI57i1Uw==}
    engines: {node: '>= 4'}
    dev: true

  /import-cwd/3.0.0:
    resolution: {integrity: sha512-4pnzH16plW+hgvRECbDWpQl3cqtvSofHWh44met7ESfZ8UZOWWddm8hEyDTqREJ9RbYHY8gi8DqmaelApoOGMg==}
    engines: {node: '>=8'}
    dependencies:
      import-from: 3.0.0
    dev: true

  /import-fresh/3.3.0:
    resolution: {integrity: sha512-veYYhQa+D1QBKznvhUHxb8faxlrwUnxseDAbAp457E0wLNio2bOSKnjYDhMj+YiAq61xrMGhQk9iXVk5FzgQMw==}
    engines: {node: '>=6'}
    dependencies:
      parent-module: 1.0.1
      resolve-from: 4.0.0
    dev: true

  /import-from/3.0.0:
    resolution: {integrity: sha512-CiuXOFFSzkU5x/CR0+z7T91Iht4CXgfCxVOFRhh2Zyhg5wOpWvvDLQUsWl+gcN+QscYBjez8hDCt85O7RLDttQ==}
    engines: {node: '>=8'}
    dependencies:
      resolve-from: 5.0.0
    dev: true

  /inflight/1.0.6:
    resolution: {integrity: sha1-Sb1jMdfQLQwJvJEKEHW6gWW1bfk=}
    dependencies:
      once: 1.4.0
      wrappy: 1.0.2
    dev: true

  /inherits/2.0.4:
    resolution: {integrity: sha512-k/vGaX4/Yla3WzyMCvTQOXYeIHvqOKtnqBduzTHpzpQZzAskKMhZ2K+EnBiSM9zGSoIFeMpXKxa4dYeZIQqewQ==}
    dev: true

  /inquirer/7.3.3:
    resolution: {integrity: sha512-JG3eIAj5V9CwcGvuOmoo6LB9kbAYT8HXffUl6memuszlwDC/qvFAJw49XJ5NROSFNPxp3iQg1GqkFhaY/CR0IA==}
    engines: {node: '>=8.0.0'}
    dependencies:
      ansi-escapes: 4.3.2
      chalk: 4.1.0
      cli-cursor: 3.1.0
      cli-width: 3.0.0
      external-editor: 3.1.0
      figures: 3.2.0
      lodash: 4.17.21
      mute-stream: 0.0.8
      run-async: 2.4.1
      rxjs: 6.6.7
      string-width: 4.2.2
      strip-ansi: 6.0.0
      through: 2.3.8
    dev: true

  /is-arrayish/0.2.1:
    resolution: {integrity: sha1-d8mYQFJ6qOyxqLppe4BkWnqSap0=}
    dev: true

  /is-binary-path/2.1.0:
    resolution: {integrity: sha512-ZMERYes6pDydyuGidse7OsHxtbI7WVeUEozgR/g7rd0xUimYNlvZRE/K2MgZTjWy725IfelLeVcEM97mmtRGXw==}
    engines: {node: '>=8'}
    dependencies:
      binary-extensions: 2.2.0
    dev: true

  /is-extglob/2.1.1:
    resolution: {integrity: sha1-qIwCU1eR8C7TfHahueqXc8gz+MI=}
    engines: {node: '>=0.10.0'}
    dev: true

  /is-fullwidth-code-point/3.0.0:
    resolution: {integrity: sha512-zymm5+u+sCsSWyD9qNaejV3DFvhCKclKdizYaJUuHA83RLjb7nSuGnddCHGv0hk+KY7BMAlsWeK4Ueg6EV6XQg==}
    engines: {node: '>=8'}
    dev: true

  /is-glob/4.0.1:
    resolution: {integrity: sha512-5G0tKtBTFImOqDnLB2hG6Bp2qcKEFduo4tZu9MT/H6NQv/ghhy30o55ufafxJ/LdH79LLs2Kfrn85TLKyA7BUg==}
    engines: {node: '>=0.10.0'}
    dependencies:
      is-extglob: 2.1.1
    dev: true

  /is-number/7.0.0:
    resolution: {integrity: sha512-41Cifkg6e8TylSpdtTpeLVMqvSBEVzTttHvERD741+pnZ8ANv0004MRL43QKPDlK9cGvNp6NZWZUBlbGXYxxng==}
    engines: {node: '>=0.12.0'}
    dev: true

  /is-stream/2.0.0:
    resolution: {integrity: sha512-XCoy+WlUr7d1+Z8GgSuXmpuUFC9fOhRXglJMx+dwLKTkL44Cjd4W1Z5P+BQZpr+cR93aGP4S/s7Ftw6Nd/kiEw==}
    engines: {node: '>=8'}
    dev: true

  /is-unicode-supported/0.1.0:
    resolution: {integrity: sha512-knxG2q4UC3u8stRGyAVJCOdxFmv5DZiRcdlIaAQXAbSfJya+OhopNotLQrstBhququ4ZpuKbDc/8S6mgXgPFPw==}
    engines: {node: '>=10'}
    dev: true

  /isexe/2.0.0:
    resolution: {integrity: sha1-6PvzdNxVb/iUehDcsFctYz8s+hA=}
    dev: true

  /joycon/3.0.1:
    resolution: {integrity: sha512-SJcJNBg32dGgxhPtM0wQqxqV0ax9k/9TaUskGDSJkSFSQOEWWvQ3zzWdGQRIUry2j1zA5+ReH13t0Mf3StuVZA==}
    engines: {node: '>=10'}
    dev: true

  /js-tokens/4.0.0:
    resolution: {integrity: sha512-RdJUflcE3cUzKiMqQgsCu06FPu9UdIJO0beYbPhHN4k6apgJtifcoCtT9bcxOpYBtpD2kCM6Sbzg4CausW/PKQ==}
    dev: true

  /json-parse-even-better-errors/2.3.1:
    resolution: {integrity: sha512-xyFwyhro/JEof6Ghe2iz2NcXoj2sloNsWr/XsERDK/oiPCfaNhl5ONfp+jQdAZRQQ0IJWNzH9zIZF7li91kh2w==}
    dev: true

  /lezer-css/0.13.1:
    resolution: {integrity: sha512-ke56tjG17IZ+EFiY50P2WinjhgZQB7OecRVZmYQbVuwv5iUdLemA4vLjaFsAbgoSg+4pfOms7Ns9nItoJcmFpg==}
    dependencies:
      lezer: 0.13.4
    dev: true

  /lezer-html/0.13.4:
    resolution: {integrity: sha512-qBBEJO+pQ8jVFin/1C7lj7QFrr+pTzRmJDgKxaZqIHr7IKzq2jN+NXQVprru4g6l+2b0h4350wKeVGP9kLkq0A==}
    dependencies:
      lezer: 0.13.4
    dev: true

  /lezer-javascript/0.13.3:
    resolution: {integrity: sha512-YvTUZUZUk69nt6flmUaPuc/9yynsPqhbpqY6GXZK/8EH9/4X7B2AmMc86hk2yBGbTMrorou8ouV7neoDRk9khA==}
    dependencies:
      lezer: 0.13.4
    dev: true

  /lezer-tree/0.13.2:
    resolution: {integrity: sha512-15ZxW8TxVNAOkHIo43Iouv4zbSkQQ5chQHBpwXcD2bBFz46RB4jYLEEww5l1V0xyIx9U2clSyyrLes+hAUFrGQ==}
    dev: true

  /lezer/0.13.4:
    resolution: {integrity: sha512-cLQxUVY28VBBqKBt/R8CYeH57KQnIvscAnoahzvhlZTK8qxMkIyGExR6ecEpYYDX06ZhROZrEm1IiPvjLAsTig==}
    dependencies:
      lezer-tree: 0.13.2
    dev: true

  /lines-and-columns/1.1.6:
    resolution: {integrity: sha1-HADHQ7QzzQpOgHWPe2SldEDZ/wA=}
    dev: true

  /lodash.camelcase/4.3.0:
    resolution: {integrity: sha1-soqmKIorn8ZRA1x3EfZathkDMaY=}
    dev: true

  /lodash/4.17.21:
    resolution: {integrity: sha512-v2kDEe57lecTulaDIuNTPy3Ry4gLGJ6Z1O3vE1krgXZNrsQ+LFTGHVxVjcXPs17LhbZVGedAJv8XZ1tvj5FvSg==}
    dev: true

  /log-symbols/4.1.0:
    resolution: {integrity: sha512-8XPvpAA8uyhfteu8pIvQxpJZ7SYYdpUivZpGy6sFsBuKRY/7rQGavedeB8aK+Zkyq6upMFVL/9AW6vOYzfRyLg==}
    engines: {node: '>=10'}
    dependencies:
      chalk: 4.1.0
      is-unicode-supported: 0.1.0
    dev: true

  /lru-cache/6.0.0:
    resolution: {integrity: sha512-Jo6dJ04CmSjuznwJSS3pUeWmd/H0ffTlkXXgwZi+eq1UCmqQwCh+eLsYOYCwY991i2Fah4h1BEMCx4qThGbsiA==}
    engines: {node: '>=10'}
    dependencies:
      yallist: 4.0.0
    dev: true

  /merge-stream/2.0.0:
    resolution: {integrity: sha512-abv/qOcuPfk3URPfDzmZU1LKmuw8kT+0nIHvKrKgFrwifol/doWcdA4ZqsWQ8ENrFKkd67Mfpo/LovbIUsbt3w==}
    dev: true

  /merge2/1.4.1:
    resolution: {integrity: sha512-8q7VEgMJW4J8tcfVPy8g09NcQwZdbwFEqhe/WZkoIzjn/3TGDwtOCYtXGxA3O8tPzpczCCDgv+P2P5y00ZJOOg==}
    engines: {node: '>= 8'}
    dev: true

  /micromatch/4.0.2:
    resolution: {integrity: sha512-y7FpHSbMUMoyPbYUSzO6PaZ6FyRnQOpHuKwbo1G+Knck95XVU4QAiKdGEnj5wwoS7PlOgthX/09u5iFJ+aYf5Q==}
    engines: {node: '>=8'}
    dependencies:
      braces: 3.0.2
      picomatch: 2.2.2
    dev: true

  /mimic-fn/2.1.0:
    resolution: {integrity: sha512-OqbOk5oEQeAZ8WXWydlu9HJjz9WVdEIvamMCcXmuqUYjTknH/sqsWvhQ3vgwKFRR1HpjvNBKQ37nbJgYzGqGcg==}
    engines: {node: '>=6'}
    dev: true

  /minimatch/3.0.4:
    resolution: {integrity: sha512-yJHVQEhyqPLUTgt9B83PXu6W3rx4MvvHvSUvToogpwoGDOUQ+yDrR0HRot+yOCdCO7u4hX3pWft6kWBBcqh0UA==}
    dependencies:
      brace-expansion: 1.1.11
    dev: true

  /ms/2.1.2:
    resolution: {integrity: sha512-sGkPx+VjMtmA6MX27oA4FBFELFCZZ4S4XqeGOXCv68tT+jb3vk/RyaKWP0PTKyWtmLSM0b+adUTEvbs1PEaH2w==}
    dev: true

  /mute-stream/0.0.8:
    resolution: {integrity: sha512-nnbWWOkoWyUsTjKrhgD0dcz22mdkSnpYqbEjIm2nhwhuxlSkpywJmBo8h0ZqJdkp73mb90SssHkN4rsRaBAfAA==}
    dev: true

  /mz/2.7.0:
    resolution: {integrity: sha512-z81GNO7nnYMEhrGh9LeymoE4+Yr0Wn5McHIZMK5cfQCl+NDX08sCZgUc9/6MHni9IWuFLm1Z3HTCXu2z9fN62Q==}
    dependencies:
      any-promise: 1.3.0
      object-assign: 4.1.1
      thenify-all: 1.6.0
    dev: true

  /node-modules-regexp/1.0.0:
    resolution: {integrity: sha1-jZ2+KJZKSsVxLpExZCEHxx6Q7EA=}
    engines: {node: '>=0.10.0'}
    dev: true

  /normalize-path/3.0.0:
    resolution: {integrity: sha512-6eZs5Ls3WtCisHWp9S2GUy8dqkpGi4BVSz3GaqiE6ezub0512ESztXUwUB6C6IKbQkY2Pnb/mD4WYojCRwcwLA==}
    engines: {node: '>=0.10.0'}
    dev: true

  /npm-run-path/4.0.1:
    resolution: {integrity: sha512-S48WzZW777zhNIrn7gxOlISNAqi9ZC/uQFnRdbeIHhZhCA6UqpkOT8T1G7BvfdgP4Er8gF4sUbaS0i7QvIfCWw==}
    engines: {node: '>=8'}
    dependencies:
      path-key: 3.1.1
    dev: true

  /object-assign/4.1.1:
    resolution: {integrity: sha1-IQmtx5ZYh8/AXLvUQsrIv7s2CGM=}
    engines: {node: '>=0.10.0'}
    dev: true

  /once/1.4.0:
    resolution: {integrity: sha1-WDsap3WWHUsROsF9nFC6753Xa9E=}
    dependencies:
      wrappy: 1.0.2
    dev: true

  /onetime/5.1.2:
    resolution: {integrity: sha512-kbpaSSGJTWdAY5KPVeMOKXSrPtr8C8C7wodJbcsd51jRnmD+GZu8Y0VoU6Dm5Z4vWr0Ig/1NKuWRKf7j5aaYSg==}
    engines: {node: '>=6'}
    dependencies:
      mimic-fn: 2.1.0
    dev: true

  /os-tmpdir/1.0.2:
    resolution: {integrity: sha1-u+Z0BseaqFxc/sdm/lc0VV36EnQ=}
    engines: {node: '>=0.10.0'}
    dev: true

  /parent-module/1.0.1:
    resolution: {integrity: sha512-GQ2EWRpQV8/o+Aw8YqtfZZPfNRWZYkbidE9k5rpl/hC3vtHHBfGm2Ifi6qWV+coDGkrUKZAxE3Lot5kcsRlh+g==}
    engines: {node: '>=6'}
    dependencies:
      callsites: 3.1.0
    dev: true

  /parse-json/5.2.0:
    resolution: {integrity: sha512-ayCKvm/phCGxOkYRSCM82iDwct8/EonSEgCSxWxD7ve6jHggsFl4fZVQBPRNgQoKiuV/odhFrGzQXZwbifC8Rg==}
    engines: {node: '>=8'}
    dependencies:
      '@babel/code-frame': 7.12.13
      error-ex: 1.3.2
      json-parse-even-better-errors: 2.3.1
      lines-and-columns: 1.1.6
    dev: true

  /path-is-absolute/1.0.1:
    resolution: {integrity: sha1-F0uSaHNVNP+8es5r9TpanhtcX18=}
    engines: {node: '>=0.10.0'}
    dev: true

  /path-key/3.1.1:
    resolution: {integrity: sha512-ojmeN0qd+y0jszEtoY48r0Peq5dwMEkIlCOu6Q5f41lfkswXuKtYrhgoTpLnyIcHm24Uhqx+5Tqm2InSwLhE6Q==}
    engines: {node: '>=8'}
    dev: true

  /path-type/4.0.0:
    resolution: {integrity: sha512-gDKb8aZMDeD/tZWs9P6+q0J9Mwkdl6xMV8TjnGP3qJVJ06bdMgkbBlLU8IdfOsIsFz2BW1rNVT3XuNEl8zPAvw==}
    engines: {node: '>=8'}
    dev: true

  /picomatch/2.2.2:
    resolution: {integrity: sha512-q0M/9eZHzmr0AulXyPwNfZjtwZ/RBZlbN3K3CErVrk50T2ASYI7Bye0EvekFY3IP1Nt2DHu0re+V2ZHIpMkuWg==}
    engines: {node: '>=8.6'}
    dev: true

  /pirates/4.0.1:
    resolution: {integrity: sha512-WuNqLTbMI3tmfef2TKxlQmAiLHKtFhlsCZnPIpuv2Ow0RDVO8lfy1Opf4NUzlMXLjPl+Men7AuVdX6TA+s+uGA==}
    engines: {node: '>= 6'}
    dependencies:
      node-modules-regexp: 1.0.0
    dev: true

  /postcss-load-config/3.0.1:
    resolution: {integrity: sha512-/pDHe30UYZUD11IeG8GWx9lNtu1ToyTsZHnyy45B4Mrwr/Kb6NgYl7k753+05CJNKnjbwh4975amoPJ+TEjHNQ==}
    engines: {node: '>= 10'}
    dependencies:
      cosmiconfig: 7.0.0
      import-cwd: 3.0.0
    dev: true

  /prismjs/1.23.0:
    resolution: {integrity: sha512-c29LVsqOaLbBHuIbsTxaKENh1N2EQBOHaWv7gkHN4dgRbxSREqDnDbtFJYdpPauS4YCplMSNCABQ6Eeor69bAA==}
    optionalDependencies:
      clipboard: 2.0.8
    dev: false

  /queue-microtask/1.2.3:
    resolution: {integrity: sha512-NuaNSa6flKT5JaSYQzJok04JzTL1CA6aGhv5rfLW3PgqA+M2ChpZQnAC8h8i4ZFkBS8X5RqkDBHA7r4hej3K9A==}
    dev: true

  /readdirp/3.5.0:
    resolution: {integrity: sha512-cMhu7c/8rdhkHXWsY+osBhfSy0JikwpHK/5+imo+LpeasTF8ouErHrlYkwT0++njiyuDvc7OFY5T3ukvZ8qmFQ==}
    engines: {node: '>=8.10.0'}
    dependencies:
      picomatch: 2.2.2
    dev: true

  /resolve-from/4.0.0:
    resolution: {integrity: sha512-pb/MYmXstAkysRFx8piNI1tGFNQIFA3vkE3Gq4EuA1dF6gHp/+vgZqsCGJapvy8N3Q+4o7FwvquPJcnZ7RYy4g==}
    engines: {node: '>=4'}
    dev: true

  /resolve-from/5.0.0:
    resolution: {integrity: sha512-qYg9KP24dD5qka9J47d0aVky0N+b4fTU89LN9iDnjB5waksiC49rvMB0PrUJQGoTmH50XPiqOvAjDfaijGxYZw==}
    engines: {node: '>=8'}
    dev: true

  /restore-cursor/3.1.0:
    resolution: {integrity: sha512-l+sSefzHpj5qimhFSE5a8nufZYAM3sBSVMAPtYkmC+4EH2anSGaEMXSD0izRQbu9nfyQ9y5JrVmp7E8oZrUjvA==}
    engines: {node: '>=8'}
    dependencies:
      onetime: 5.1.2
      signal-exit: 3.0.3
    dev: true

  /reusify/1.0.4:
    resolution: {integrity: sha512-U9nH88a3fc/ekCF1l0/UP1IosiuIjyTh7hBvXVMHYgVcfGvt897Xguj2UOLDeI5BG2m7/uwyaLVT6fbtCwTyzw==}
    engines: {iojs: '>=1.0.0', node: '>=0.10.0'}
    dev: true

  /rollup/2.44.0:
    resolution: {integrity: sha512-rGSF4pLwvuaH/x4nAS+zP6UNn5YUDWf/TeEU5IoXSZKBbKRNTCI3qMnYXKZgrC0D2KzS2baiOZt1OlqhMu5rnQ==}
    engines: {node: '>=10.0.0'}
    hasBin: true
    optionalDependencies:
      fsevents: 2.3.2
    dev: true

  /run-async/2.4.1:
    resolution: {integrity: sha512-tvVnVv01b8c1RrA6Ep7JkStj85Guv/YrMcwqYQnwjsAS2cTmmPGBBjAjpCW7RrSodNSoE2/qg9O4bceNvUuDgQ==}
    engines: {node: '>=0.12.0'}
    dev: true

  /run-parallel/1.2.0:
    resolution: {integrity: sha512-5l4VyZR86LZ/lDxZTR6jqL8AFE2S0IFLMP26AbjsLVADxHdhB/c0GUsH+y39UfCi3dzz8OlQuPmnaJOMoDHQBA==}
    dependencies:
      queue-microtask: 1.2.3
    dev: true

  /rxjs/6.6.7:
    resolution: {integrity: sha512-hTdwr+7yYNIT5n4AMYp85KA6yw2Va0FLa3Rguvbpa4W3I5xynaBZo41cM3XM+4Q6fRMj3sBYIR1VAmZMXYJvRQ==}
    engines: {npm: '>=2.0.0'}
    dependencies:
      tslib: 1.14.1
    dev: true

  /safer-buffer/2.1.2:
    resolution: {integrity: sha512-YZo3K82SD7Riyi0E1EQPojLz7kpepnSQI9IyPbHHg1XXXevb5dJI7tpyN2ADxGcQbHG7vcyRHk0cbwqcQriUtg==}
    dev: true

  /select/1.1.2:
    resolution: {integrity: sha1-DnNQrN7ICxEIUoeG7B1EGNEbOW0=}
    dev: false
    optional: true

  /semver/7.3.5:
    resolution: {integrity: sha512-PoeGJYh8HK4BTO/a9Tf6ZG3veo/A7ZVsYrSA6J8ny9nb3B1VrpkuN+z9OE5wfE5p6H4LchYZsegiQgbJD94ZFQ==}
    engines: {node: '>=10'}
    hasBin: true
    dependencies:
      lru-cache: 6.0.0
    dev: true

  /shebang-command/2.0.0:
    resolution: {integrity: sha512-kHxr2zZpYtdmrN1qDjrrX/Z1rR1kG8Dx+gkpK1G4eXmvXswmcE1hTWBWYUzlraYw1/yZp6YuDY77YtvbN0dmDA==}
    engines: {node: '>=8'}
    dependencies:
      shebang-regex: 3.0.0
    dev: true

  /shebang-regex/3.0.0:
    resolution: {integrity: sha512-7++dFhtcx3353uBaq8DDR4NuxBetBzC7ZQOhmTQInHEd6bSrXdiEyzCvG07Z44UYdLShWUyXt5M/yhz8ekcb1A==}
    engines: {node: '>=8'}
    dev: true

  /signal-exit/3.0.3:
    resolution: {integrity: sha512-VUJ49FC8U1OxwZLxIbTTrDvLnf/6TDgxZcK8wxR8zs13xpx7xbG60ndBlhNrFi2EMuFRoeDoJO7wthSLq42EjA==}
    dev: true

  /slash/3.0.0:
    resolution: {integrity: sha512-g9Q1haeby36OSStwb4ntCGGGaKsaVSjQ68fBxoQcutl5fS1vuY18H3wSt3jFyFtrkx+Kz0V1G85A4MyAdDMi2Q==}
    engines: {node: '>=8'}
    dev: true

  /source-map/0.6.1:
    resolution: {integrity: sha512-UjgapumWlbMhkBgzT7Ykc5YXUT46F0iKu8SGXq0bcwP5dz/h0Plj6enJqjz1Zbq2l5WaqYnrVbwWOWMyF3F47g==}
    engines: {node: '>=0.10.0'}
    dev: true

  /string-argv/0.3.1:
    resolution: {integrity: sha512-a1uQGz7IyVy9YwhqjZIZu1c8JO8dNIe20xBmSS6qu9kv++k3JGzCVmprbNN5Kn+BgzD5E7YYwg1CcjuJMRNsvg==}
    engines: {node: '>=0.6.19'}
    dev: true

  /string-width/4.2.2:
    resolution: {integrity: sha512-XBJbT3N4JhVumXE0eoLU9DCjcaF92KLNqTmFCnG1pf8duUxFGwtP6AD6nkjw9a3IdiRtL3E2w3JDiE/xi3vOeA==}
    engines: {node: '>=8'}
    dependencies:
      emoji-regex: 8.0.0
      is-fullwidth-code-point: 3.0.0
      strip-ansi: 6.0.0
    dev: true

  /strip-ansi/6.0.0:
    resolution: {integrity: sha512-AuvKTrTfQNYNIctbR1K/YGTR1756GycPsg7b9bdV9Duqur4gv6aKqHXah67Z8ImS7WEz5QVcOtlfW2rZEugt6w==}
    engines: {node: '>=8'}
    dependencies:
      ansi-regex: 5.0.0
    dev: true

  /strip-final-newline/2.0.0:
    resolution: {integrity: sha512-BrpvfNAE3dcvq7ll3xVumzjKjZQ5tI1sEUIKr3Uoks0XUl45St3FlatVqef9prk4jRDzhW6WZg+3bk93y6pLjA==}
    engines: {node: '>=6'}
    dev: true

  /style-mod/4.0.0:
    resolution: {integrity: sha512-OPhtyEjyyN9x3nhPsu76f52yUGXiZcgvsrFVtvTkyGRQJ0XK+GPc6ov1z+lRpbeabka+MYEQxOYRnt5nF30aMw==}
    dev: true

  /sucrase/3.17.1:
    resolution: {integrity: sha512-04cNLFAhS4NBG2Z/MTkLY6HdoBsqErv3wCncymFlfFtnpMthurlWYML2RlID4M2BbiJSu1eZdQnE8Lcz4PCe2g==}
    engines: {node: '>=8'}
    hasBin: true
    dependencies:
      commander: 4.1.1
      glob: 7.1.6
      lines-and-columns: 1.1.6
      mz: 2.7.0
      pirates: 4.0.1
      ts-interface-checker: 0.1.13
    dev: true

  /supports-color/5.5.0:
    resolution: {integrity: sha512-QjVjwdXIt408MIiAqCX4oUKsgU2EqAGzs2Ppkm4aQYbjm+ZEWEcW4SfFNTr4uMNZma0ey4f5lgLrkB0aX0QMow==}
    engines: {node: '>=4'}
    dependencies:
      has-flag: 3.0.0
    dev: true

  /supports-color/7.2.0:
    resolution: {integrity: sha512-qpCAvRl9stuOHveKsn7HncJRvv501qIacKzQlO/+Lwxc9+0q2wLyv4Dfvt80/DPn2pqOBsJdDiogXGR9+OvwRw==}
    engines: {node: '>=8'}
    dependencies:
      has-flag: 4.0.0
    dev: true

  /thenify-all/1.6.0:
    resolution: {integrity: sha1-GhkY1ALY/D+Y+/I02wvMjMEOlyY=}
    engines: {node: '>=0.8'}
    dependencies:
      thenify: 3.3.1
    dev: true

  /thenify/3.3.1:
    resolution: {integrity: sha512-RVZSIV5IG10Hk3enotrhvz0T9em6cyHBLkH/YAZuKqd8hRkKhSfCGIcP2KUY0EPxndzANBmNllzWPwak+bheSw==}
    dependencies:
      any-promise: 1.3.0
    dev: true

  /through/2.3.8:
    resolution: {integrity: sha1-DdTJ/6q8NXlgsbckEV1+Doai4fU=}
    dev: true

  /tiny-emitter/2.1.0:
    resolution: {integrity: sha512-NB6Dk1A9xgQPMoGqC5CVXn123gWyte215ONT5Pp5a0yt4nlEoO1ZWeCwpncaekPHXO60i47ihFnZPiRPjRMq4Q==}
    dev: false
    optional: true

  /tmp/0.0.33:
    resolution: {integrity: sha512-jRCJlojKnZ3addtTOjdIqoRuPEKBvNXcGYqzO6zWZX8KfKEpnGY5jfggJQ3EjKuu8D4bJRr0y+cYJFmYbImXGw==}
    engines: {node: '>=0.6.0'}
    dependencies:
      os-tmpdir: 1.0.2
    dev: true

  /to-fast-properties/2.0.0:
    resolution: {integrity: sha1-3F5pjL0HkmW8c+A3doGk5Og/YW4=}
    engines: {node: '>=4'}
    dev: true

  /to-regex-range/5.0.1:
    resolution: {integrity: sha512-65P7iz6X5yEr1cwcgvQxbbIw7Uk3gOy5dIdtZ4rDveLqhrdJP+Li/Hx6tyK0NEb+2GCyneCMJiGqrADCSNk8sQ==}
    engines: {node: '>=8.0'}
    dependencies:
      is-number: 7.0.0
    dev: true

  /ts-interface-checker/0.1.13:
    resolution: {integrity: sha512-Y/arvbn+rrz3JCKl9C4kVNfTfSm2/mEp5FSz5EsZSANGPSlQrpRI5M4PKF+mJnE52jOO90PnPSc3Ur3bTQw0gA==}
    dev: true

  /tslib/1.14.1:
    resolution: {integrity: sha512-Xni35NKzjgMrwevysHTCArtLDpPvye8zV/0E4EyYn43P7/7qvQwPh9BGkHewbMulVntbigmcT7rdX3BNo9wRJg==}
    dev: true

  /tslib/2.2.0:
    resolution: {integrity: sha512-gS9GVHRU+RGn5KQM2rllAlR3dU6m7AcpJKdtH8gFvQiC4Otgk98XnmMU+nZenHt/+VhnBPWwgrJsyrdcw6i23w==}
    dev: true

  /tsup/4.8.21_typescript@4.2.4:
    resolution: {integrity: sha512-8paK4Q0jvsbZE7v9ptsL1JxUSs83etaml2IrNBOsnTdgrHD/gq9dvxEcWU7rNdyCCh4UhUZ8RlEjRI3etZyfsw==}
    hasBin: true
    peerDependencies:
      typescript: ^4.2.3
    peerDependenciesMeta:
      typescript:
        optional: true
    dependencies:
      cac: 6.7.2
      chalk: 4.1.0
      chokidar: 3.5.1
      debug: 4.3.1
      esbuild: 0.10.2
      execa: 5.0.0
      globby: 11.0.3
      joycon: 3.0.1
      postcss-load-config: 3.0.1
      resolve-from: 5.0.0
      rollup: 2.44.0
      sucrase: 3.17.1
      typescript: 4.2.4
    transitivePeerDependencies:
      - supports-color
    dev: true

  /type-detect/4.0.8:
    resolution: {integrity: sha512-0fr/mIH1dlO+x7TlcMy+bIDqKPsw/70tVyeHW787goQjhmqaZe10uwLujubK9q9Lg6Fiho1KUKDYz0Z7k7g5/g==}
    engines: {node: '>=4'}
    dev: true

  /type-fest/0.21.3:
    resolution: {integrity: sha512-t0rzBq87m3fVcduHDUFhKmyyX+9eo6WQjZvf51Ea/M0Q7+T374Jp1aUiyUl0GKxp8M/OETVHSDvmkyPgvX+X2w==}
    engines: {node: '>=10'}
    dev: true

  /typescript/4.2.4:
    resolution: {integrity: sha512-V+evlYHZnQkaz8TRBuxTA92yZBPotr5H+WhQ7bD3hZUndx5tGOa1fuCgeSjxAzM1RiN5IzvadIXTVefuuwZCRg==}
    engines: {node: '>=4.2.0'}
    hasBin: true
    dev: true

  /typical/4.0.0:
    resolution: {integrity: sha512-VAH4IvQ7BDFYglMd7BPRDfLgxZZX4O4TFcRDA6EN5X7erNJJq+McIEp8np9aVtxrCJ6qx4GTYVfOWNjcqwZgRw==}
    engines: {node: '>=8'}
    dev: true

  /vue/3.0.11:
    resolution: {integrity: sha512-3/eUi4InQz8MPzruHYSTQPxtM3LdZ1/S/BvaU021zBnZi0laRUyH6pfuE4wtUeLvI8wmUNwj5wrZFvbHUXL9dw==}
    dependencies:
      '@vue/compiler-dom': 3.0.11
      '@vue/runtime-dom': 3.0.11
      '@vue/shared': 3.0.11
    dev: true

  /w3c-keyname/2.2.4:
    resolution: {integrity: sha512-tOhfEwEzFLJzf6d1ZPkYfGj+FWhIpBux9ppoP3rlclw3Z0BZv3N7b7030Z1kYth+6rDuAsXUFr+d0VE6Ed1ikw==}
    dev: true

  /which/2.0.2:
    resolution: {integrity: sha512-BLI3Tl1TW3Pvl70l3yq3Y64i+awpwXqsGBYWkkqMtnbXgrMD+yj7rhW0kuEDxzJaYXGjEW5ogapKNMEKNMjibA==}
    engines: {node: '>= 8'}
    hasBin: true
    dependencies:
      isexe: 2.0.0
    dev: true

  /windicss/2.5.12:
    resolution: {integrity: sha512-BZ0Ps1C0RlCHBVOPcw/DAReeR9o/mKaoFgkBsVphQ23M5nsvVfVXgGlNJZssjAQsXnlDpj97pnIhtDn1ENBjXw==}
    engines: {node: '>= 12'}
    hasBin: true
    dev: true

  /wrappy/1.0.2:
    resolution: {integrity: sha1-tSQ9jz7BqjXxNkYFvA0QNuMKtp8=}
    dev: true

  /yallist/4.0.0:
    resolution: {integrity: sha512-3wdGidZyq5PB084XLES5TpOSRA3wjXAlIWMhum2kRcv/41Sn2emQ0dycQW4uZXLejwKvg6EsvbdlVL+FYEct7A==}
    dev: true

  /yaml/1.10.2:
    resolution: {integrity: sha512-r3vXyErRCYJ7wg28yvBY5VSoAF8ZvlcW9/BwUzEtUsjvX/DKs24dIkuwjtuprwJJHsbyUbLApepYTR1BN4uHrg==}
    engines: {node: '>= 6'}
    dev: true
